
Microsoft Visual Studio Solution File, Format Version 12.00
# Visual Studio Version 17
VisualStudioVersion = 17.3.32811.315
MinimumVisualStudioVersion = 10.0.40219.1
Project("{9A19103F-16F7-4668-BE54-9A1E7A4F7556}") = "Savi_Thrift", "Savi_Thrift\Savi_Thrift.csproj", "{F6FE07FB-2594-4842-B8C9-1B4E38F1A172}"
EndProject
Project("{9A19103F-16F7-4668-BE54-9A1E7A4F7556}") = "Savi_Thrift.Test", "Savi_Thrift.Test\Savi_Thrift.Test.csproj", "{80EA0B42-9D10-4F1F-8677-A8B0FBBD43CB}"
EndProject
Project("{9A19103F-16F7-4668-BE54-9A1E7A4F7556}") = "Savi_Thrift.Persistence", "Savi_Thrift.Persistence\Savi_Thrift.Persistence.csproj", "{DACDB29F-0CC3-4C22-BFE1-1205F88EB989}"
EndProject
Project("{9A19103F-16F7-4668-BE54-9A1E7A4F7556}") = "Savi_Thrift.Infrastructure", "Savi_Thrift.Infrastructure\Savi_Thrift.Infrastructure.csproj", "{245D9D98-92FA-458C-89E0-3EF02985B951}"
EndProject
Project("{9A19103F-16F7-4668-BE54-9A1E7A4F7556}") = "Savi_Thrift.Domain", "Savi_Thrift.Domain\Savi_Thrift.Domain.csproj", "{97E5094B-262A-4F62-B38F-B6FBD02B0D53}"
EndProject
Project("{9A19103F-16F7-4668-BE54-9A1E7A4F7556}") = "Savi_Thrift.Common", "Savi_Thrift.Common\Savi_Thrift.Common.csproj", "{CCA94C17-17E4-4F21-A087-72DD5EC4FFD1}"
EndProject
Project("{9A19103F-16F7-4668-BE54-9A1E7A4F7556}") = "Savi_Thrift.Application", "Savi_Thrift.Application\Savi_Thrift.Application.csproj", "{5999509D-ED3B-44BD-A18E-8A61B87E5754}"
EndProject
Global
	GlobalSection(SolutionConfigurationPlatforms) = preSolution
		Debug|Any CPU = Debug|Any CPU
		Release|Any CPU = Release|Any CPU
	EndGlobalSection
	GlobalSection(ProjectConfigurationPlatforms) = postSolution
		{F6FE07FB-2594-4842-B8C9-1B4E38F1A172}.Debug|Any CPU.ActiveCfg = Debug|Any CPU
		{F6FE07FB-2594-4842-B8C9-1B4E38F1A172}.Debug|Any CPU.Build.0 = Debug|Any CPU
		{F6FE07FB-2594-4842-B8C9-1B4E38F1A172}.Release|Any CPU.ActiveCfg = Release|Any CPU
		{F6FE07FB-2594-4842-B8C9-1B4E38F1A172}.Release|Any CPU.Build.0 = Release|Any CPU
		{80EA0B42-9D10-4F1F-8677-A8B0FBBD43CB}.Debug|Any CPU.ActiveCfg = Debug|Any CPU
		{80EA0B42-9D10-4F1F-8677-A8B0FBBD43CB}.Debug|Any CPU.Build.0 = Debug|Any CPU
		{80EA0B42-9D10-4F1F-8677-A8B0FBBD43CB}.Release|Any CPU.ActiveCfg = Release|Any CPU
		{80EA0B42-9D10-4F1F-8677-A8B0FBBD43CB}.Release|Any CPU.Build.0 = Release|Any CPU
		{DACDB29F-0CC3-4C22-BFE1-1205F88EB989}.Debug|Any CPU.ActiveCfg = Debug|Any CPU
		{DACDB29F-0CC3-4C22-BFE1-1205F88EB989}.Debug|Any CPU.Build.0 = Debug|Any CPU
		{DACDB29F-0CC3-4C22-BFE1-1205F88EB989}.Release|Any CPU.ActiveCfg = Release|Any CPU
		{DACDB29F-0CC3-4C22-BFE1-1205F88EB989}.Release|Any CPU.Build.0 = Release|Any CPU
		{245D9D98-92FA-458C-89E0-3EF02985B951}.Debug|Any CPU.ActiveCfg = Debug|Any CPU
		{245D9D98-92FA-458C-89E0-3EF02985B951}.Debug|Any CPU.Build.0 = Debug|Any CPU
		{245D9D98-92FA-458C-89E0-3EF02985B951}.Release|Any CPU.ActiveCfg = Release|Any CPU
		{245D9D98-92FA-458C-89E0-3EF02985B951}.Release|Any CPU.Build.0 = Release|Any CPU
		{97E5094B-262A-4F62-B38F-B6FBD02B0D53}.Debug|Any CPU.ActiveCfg = Debug|Any CPU
		{97E5094B-262A-4F62-B38F-B6FBD02B0D53}.Debug|Any CPU.Build.0 = Debug|Any CPU
		{97E5094B-262A-4F62-B38F-B6FBD02B0D53}.Release|Any CPU.ActiveCfg = Release|Any CPU
		{97E5094B-262A-4F62-B38F-B6FBD02B0D53}.Release|Any CPU.Build.0 = Release|Any CPU
		{CCA94C17-17E4-4F21-A087-72DD5EC4FFD1}.Debug|Any CPU.ActiveCfg = Debug|Any CPU
		{CCA94C17-17E4-4F21-A087-72DD5EC4FFD1}.Debug|Any CPU.Build.0 = Debug|Any CPU
		{CCA94C17-17E4-4F21-A087-72DD5EC4FFD1}.Release|Any CPU.ActiveCfg = Release|Any CPU
		{CCA94C17-17E4-4F21-A087-72DD5EC4FFD1}.Release|Any CPU.Build.0 = Release|Any CPU
		{5999509D-ED3B-44BD-A18E-8A61B87E5754}.Debug|Any CPU.ActiveCfg = Debug|Any CPU
		{5999509D-ED3B-44BD-A18E-8A61B87E5754}.Debug|Any CPU.Build.0 = Debug|Any CPU
		{5999509D-ED3B-44BD-A18E-8A61B87E5754}.Release|Any CPU.ActiveCfg = Release|Any CPU
		{5999509D-ED3B-44BD-A18E-8A61B87E5754}.Release|Any CPU.Build.0 = Release|Any CPU
	EndGlobalSection
	GlobalSection(SolutionProperties) = preSolution
		HideSolutionNode = FALSE
	EndGlobalSection
	GlobalSection(ExtensibilityGlobals) = postSolution
		SolutionGuid = {C0F9E5AC-12FC-43B5-936F-43191DACC159}
	EndGlobalSection
EndGlobal
